
Microsoft Visual Studio Solution File, Format Version 12.00
# Visual Studio Version 17
VisualStudioVersion = 17.5.002.0
MinimumVisualStudioVersion = 10.0.40219.1
Project("{9A19103F-16F7-4668-BE54-9A1E7A4F7556}") = "QwiikTest", "QwiikTest.csproj", "{2D5B5D4A-1638-4211-912E-FB450A52A142}"
EndProject
Global
	GlobalSection(SolutionConfigurationPlatforms) = preSolution
		Debug|Any CPU = Debug|Any CPU
		Release|Any CPU = Release|Any CPU
	EndGlobalSection
	GlobalSection(ProjectConfigurationPlatforms) = postSolution
		{2D5B5D4A-1638-4211-912E-FB450A52A142}.Debug|Any CPU.ActiveCfg = Debug|Any CPU
		{2D5B5D4A-1638-4211-912E-FB450A52A142}.Debug|Any CPU.Build.0 = Debug|Any CPU
		{2D5B5D4A-1638-4211-912E-FB450A52A142}.Release|Any CPU.ActiveCfg = Release|Any CPU
		{2D5B5D4A-1638-4211-912E-FB450A52A142}.Release|Any CPU.Build.0 = Release|Any CPU
	EndGlobalSection
	GlobalSection(SolutionProperties) = preSolution
		HideSolutionNode = FALSE
	EndGlobalSection
	GlobalSection(ExtensibilityGlobals) = postSolution
		SolutionGuid = {92A3E8B6-2DF0-42FE-826C-4E40EADA81D7}
	EndGlobalSection
EndGlobal
